{
  "name": "Tasks",
  "lockfileVersion": 3,
  "requires": true,
  "packages": {
    "": {
      "dependencies": {
        "react-native-gravatar": "^1.0.2"
      }
    },
    "node_modules/blueimp-md5": {
      "version": "2.19.0",
      "resolved": "https://registry.npmjs.org/blueimp-md5/-/blueimp-md5-2.19.0.tgz",
      "integrity": "sha512-DRQrD6gJyy8FbiE4s+bDoXS9hiW3Vbx5uCdwvcCf3zLHL+Iv7LtGHLpr+GZV8rHG8tK766FGYBwRbu8pELTt+w==",
      "license": "MIT"
    },
    "node_modules/gravatar-api": {
      "version": "1.5.0",
      "resolved": "https://registry.npmjs.org/gravatar-api/-/gravatar-api-1.5.0.tgz",
      "integrity": "sha512-FOfwoUkcAXu5LZsquA55DxPPHVQqXO6xmuVxOG90dS4wJHWmP4ctHL7OoFr9JLMBs429PC86Yl+/NoiK3H63pw==",
      "license": "MIT",
      "dependencies": {
        "blueimp-md5": "^2.3.0",
        "lodash": "^4.6.1",
        "querystring": "0.2.0"
      },
      "engines": {
        "node": "*"
      }
    },
    "node_modules/lodash": {
      "version": "4.18.1",
      "resolved": "https://registry.npmjs.org/lodash/-/lodash-4.18.1.tgz",
      "integrity": "sha512-dMInicTPVE8d1e5otfwmmjlxkZoUpiVLwyeTdUsi/Caj/gfzzblBcCE5sRHV/AsjuCmxWrte2TNGSYuCeCq+0Q==",
      "license": "MIT"
    },
    "node_modules/querystring": {
      "version": "0.2.0",
      "resolved": "https://registry.npmjs.org/querystring/-/querystring-0.2.0.tgz",
      "integrity": "sha512-X/xY82scca2tau62i9mDyU9K+I+djTMUsvwf7xnUX5GLvVzgJybOJf4Y6o9Zx3oJK/LSXg5tTZBjwzqVPaPO2g==",
      "deprecated": "The querystring API is considered Legacy. new code should use the URLSearchParams API instead.",
      "engines": {
        "node": ">=0.4.x"
      }
    },
    "node_modules/react-native-gravatar": {
      "version": "1.0.2",
      "resolved": "https://registry.npmjs.org/react-native-gravatar/-/react-native-gravatar-1.0.2.tgz",
      "integrity": "sha512-5FbRSjpkfMEC5xPfPCMIbgq6s+SiU7A6TO65cEJjJNLCpIJHC/aQiCttwXRtIVDzWkO4PccwuwfUKafxQjFFYw==",
      "license": "MIT",
      "dependencies": {
        "gravatar-api": "^1.5.0"
      }
    }
  }
}
